
Microsoft Visual Studio Solution File, Format Version 12.00
# Visual Studio Version 17
VisualStudioVersion = 17.0.31903.59
MinimumVisualStudioVersion = 10.0.40219.1
Project("{2150E333-8FDC-42A3-9474-1A3956D46DE8}") = "src", "src", "{189BFB54-7B37-47DC-98A2-AEB967F7D43F}"
EndProject
Project("{9A19103F-16F7-4668-BE54-9A1E7A4F7556}") = "DockerBackup.WebClient", "src\DockerBackup.WebClient\DockerBackup.WebClient.csproj", "{CF9E9851-DCD5-4D9C-BD25-D725609A7FB8}"
EndProject
Project("{9A19103F-16F7-4668-BE54-9A1E7A4F7556}") = "DockerBackup.WebApi", "src\DockerBackup.WebApi\DockerBackup.WebApi.csproj", "{ECBCC8C8-29FA-40C2-8302-41AF48ECA2F0}"
EndProject
Project("{9A19103F-16F7-4668-BE54-9A1E7A4F7556}") = "DockerBackup.ApiClient", "src\DockerBackup.ApiClient\DockerBackup.ApiClient.csproj", "{02B6D9CE-24CF-4EC1-9049-15E478804082}"
EndProject
Project("{9A19103F-16F7-4668-BE54-9A1E7A4F7556}") = "build", "build\build.csproj", "{6FD45732-E7F5-4FD4-93EC-83CF149B3F94}"
EndProject
Global
	GlobalSection(SolutionConfigurationPlatforms) = preSolution
		Debug|Any CPU = Debug|Any CPU
		Release|Any CPU = Release|Any CPU
	EndGlobalSection
	GlobalSection(ProjectConfigurationPlatforms) = postSolution
		{CF9E9851-DCD5-4D9C-BD25-D725609A7FB8}.Debug|Any CPU.ActiveCfg = Debug|Any CPU
		{CF9E9851-DCD5-4D9C-BD25-D725609A7FB8}.Debug|Any CPU.Build.0 = Debug|Any CPU
		{CF9E9851-DCD5-4D9C-BD25-D725609A7FB8}.Release|Any CPU.ActiveCfg = Release|Any CPU
		{CF9E9851-DCD5-4D9C-BD25-D725609A7FB8}.Release|Any CPU.Build.0 = Release|Any CPU
		{ECBCC8C8-29FA-40C2-8302-41AF48ECA2F0}.Debug|Any CPU.ActiveCfg = Debug|Any CPU
		{ECBCC8C8-29FA-40C2-8302-41AF48ECA2F0}.Debug|Any CPU.Build.0 = Debug|Any CPU
		{ECBCC8C8-29FA-40C2-8302-41AF48ECA2F0}.Release|Any CPU.ActiveCfg = Release|Any CPU
		{ECBCC8C8-29FA-40C2-8302-41AF48ECA2F0}.Release|Any CPU.Build.0 = Release|Any CPU
		{02B6D9CE-24CF-4EC1-9049-15E478804082}.Debug|Any CPU.ActiveCfg = Debug|Any CPU
		{02B6D9CE-24CF-4EC1-9049-15E478804082}.Debug|Any CPU.Build.0 = Debug|Any CPU
		{02B6D9CE-24CF-4EC1-9049-15E478804082}.Release|Any CPU.ActiveCfg = Release|Any CPU
		{02B6D9CE-24CF-4EC1-9049-15E478804082}.Release|Any CPU.Build.0 = Release|Any CPU
		{6FD45732-E7F5-4FD4-93EC-83CF149B3F94}.Debug|Any CPU.ActiveCfg = Debug|Any CPU
		{6FD45732-E7F5-4FD4-93EC-83CF149B3F94}.Debug|Any CPU.Build.0 = Debug|Any CPU
		{6FD45732-E7F5-4FD4-93EC-83CF149B3F94}.Release|Any CPU.ActiveCfg = Release|Any CPU
		{6FD45732-E7F5-4FD4-93EC-83CF149B3F94}.Release|Any CPU.Build.0 = Release|Any CPU
	EndGlobalSection
	GlobalSection(SolutionProperties) = preSolution
		HideSolutionNode = FALSE
	EndGlobalSection
	GlobalSection(NestedProjects) = preSolution
		{CF9E9851-DCD5-4D9C-BD25-D725609A7FB8} = {189BFB54-7B37-47DC-98A2-AEB967F7D43F}
		{ECBCC8C8-29FA-40C2-8302-41AF48ECA2F0} = {189BFB54-7B37-47DC-98A2-AEB967F7D43F}
		{02B6D9CE-24CF-4EC1-9049-15E478804082} = {189BFB54-7B37-47DC-98A2-AEB967F7D43F}
	EndGlobalSection
EndGlobal
